
Microsoft Visual Studio Solution File, Format Version 11.00
# Visual Studio 2010
Project("{FAE04EC0-301F-11D3-BF4B-00C04F79EFBC}") = "Deployer.Service.Contract", "Deployer.Service.Contract\Deployer.Service.Contract.csproj", "{84A7CF37-8A2E-4A4F-97B5-AD96809155BC}"
EndProject
Project("{FAE04EC0-301F-11D3-BF4B-00C04F79EFBC}") = "Deployer.Service.Host", "Deployer.Service.Host\Deployer.Service.Host.csproj", "{03103AD3-369A-453D-824A-F507152B82C8}"
EndProject
Project("{FAE04EC0-301F-11D3-BF4B-00C04F79EFBC}") = "Deployer.Client", "Deployer.Client\Deployer.Client.csproj", "{CDD658F4-C012-401C-BCA9-4B3608F76CBE}"
EndProject
Project("{FAE04EC0-301F-11D3-BF4B-00C04F79EFBC}") = "Deployer.Service.Core", "Deployer.Service.Core\Deployer.Service.Core.csproj", "{0FBFB9DE-D1A6-4BD7-90C2-8C80D82FDC2C}"
EndProject
Project("{FAE04EC0-301F-11D3-BF4B-00C04F79EFBC}") = "Deployer.Service.Data", "Deployer.Service.Data\Deployer.Service.Data.csproj", "{B90AA7E1-1BE2-42AD-8A22-205F859F2ACB}"
EndProject
Project("{FAE04EC0-301F-11D3-BF4B-00C04F79EFBC}") = "Deployer.Tests", "Deployer.Tests\Deployer.Tests.csproj", "{510FAF72-8FE6-400D-A563-B11F18A95283}"
EndProject
Project("{FAE04EC0-301F-11D3-BF4B-00C04F79EFBC}") = "Deployer.Service.WebHost", "Deployer.Service.WebHost\Deployer.Service.WebHost.csproj", "{65B7FB70-BAFF-46A3-9723-33402A1253A2}"
EndProject
Global
	GlobalSection(SolutionConfigurationPlatforms) = preSolution
		Debug|Any CPU = Debug|Any CPU
		Release|Any CPU = Release|Any CPU
	EndGlobalSection
	GlobalSection(ProjectConfigurationPlatforms) = postSolution
		{84A7CF37-8A2E-4A4F-97B5-AD96809155BC}.Debug|Any CPU.ActiveCfg = Debug|Any CPU
		{84A7CF37-8A2E-4A4F-97B5-AD96809155BC}.Debug|Any CPU.Build.0 = Debug|Any CPU
		{84A7CF37-8A2E-4A4F-97B5-AD96809155BC}.Release|Any CPU.ActiveCfg = Release|Any CPU
		{84A7CF37-8A2E-4A4F-97B5-AD96809155BC}.Release|Any CPU.Build.0 = Release|Any CPU
		{03103AD3-369A-453D-824A-F507152B82C8}.Debug|Any CPU.ActiveCfg = Debug|Any CPU
		{03103AD3-369A-453D-824A-F507152B82C8}.Debug|Any CPU.Build.0 = Debug|Any CPU
		{03103AD3-369A-453D-824A-F507152B82C8}.Release|Any CPU.ActiveCfg = Release|Any CPU
		{03103AD3-369A-453D-824A-F507152B82C8}.Release|Any CPU.Build.0 = Release|Any CPU
		{CDD658F4-C012-401C-BCA9-4B3608F76CBE}.Debug|Any CPU.ActiveCfg = Debug|Any CPU
		{CDD658F4-C012-401C-BCA9-4B3608F76CBE}.Debug|Any CPU.Build.0 = Debug|Any CPU
		{CDD658F4-C012-401C-BCA9-4B3608F76CBE}.Release|Any CPU.ActiveCfg = Release|Any CPU
		{CDD658F4-C012-401C-BCA9-4B3608F76CBE}.Release|Any CPU.Build.0 = Release|Any CPU
		{0FBFB9DE-D1A6-4BD7-90C2-8C80D82FDC2C}.Debug|Any CPU.ActiveCfg = Debug|Any CPU
		{0FBFB9DE-D1A6-4BD7-90C2-8C80D82FDC2C}.Debug|Any CPU.Build.0 = Debug|Any CPU
		{0FBFB9DE-D1A6-4BD7-90C2-8C80D82FDC2C}.Release|Any CPU.ActiveCfg = Release|Any CPU
		{0FBFB9DE-D1A6-4BD7-90C2-8C80D82FDC2C}.Release|Any CPU.Build.0 = Release|Any CPU
		{B90AA7E1-1BE2-42AD-8A22-205F859F2ACB}.Debug|Any CPU.ActiveCfg = Debug|Any CPU
		{B90AA7E1-1BE2-42AD-8A22-205F859F2ACB}.Debug|Any CPU.Build.0 = Debug|Any CPU
		{B90AA7E1-1BE2-42AD-8A22-205F859F2ACB}.Release|Any CPU.ActiveCfg = Release|Any CPU
		{B90AA7E1-1BE2-42AD-8A22-205F859F2ACB}.Release|Any CPU.Build.0 = Release|Any CPU
		{510FAF72-8FE6-400D-A563-B11F18A95283}.Debug|Any CPU.ActiveCfg = Debug|Any CPU
		{510FAF72-8FE6-400D-A563-B11F18A95283}.Debug|Any CPU.Build.0 = Debug|Any CPU
		{510FAF72-8FE6-400D-A563-B11F18A95283}.Release|Any CPU.ActiveCfg = Release|Any CPU
		{510FAF72-8FE6-400D-A563-B11F18A95283}.Release|Any CPU.Build.0 = Release|Any CPU
		{65B7FB70-BAFF-46A3-9723-33402A1253A2}.Debug|Any CPU.ActiveCfg = Debug|Any CPU
		{65B7FB70-BAFF-46A3-9723-33402A1253A2}.Debug|Any CPU.Build.0 = Debug|Any CPU
		{65B7FB70-BAFF-46A3-9723-33402A1253A2}.Release|Any CPU.ActiveCfg = Release|Any CPU
		{65B7FB70-BAFF-46A3-9723-33402A1253A2}.Release|Any CPU.Build.0 = Release|Any CPU
	EndGlobalSection
	GlobalSection(SolutionProperties) = preSolution
		HideSolutionNode = FALSE
	EndGlobalSection
	GlobalSection(ExtensibilityGlobals) = postSolution
		EnterpriseLibraryConfigurationToolBinariesPath = packages\Unity.2.1.505.0\lib\NET35;packages\Unity.Interception.2.1.505.0\lib\NET35
	EndGlobalSection
EndGlobal
